
Microsoft Visual Studio Solution File, Format Version 12.00
# Visual Studio Version 17
VisualStudioVersion = 17.4.33205.214
MinimumVisualStudioVersion = 10.0.40219.1
Project("{9A19103F-16F7-4668-BE54-9A1E7A4F7556}") = "BusinessObjects", "BussinessObjects\BusinessObjects.csproj", "{C4ABECA8-B9C1-48A8-88B7-61634C0C96D1}"
EndProject
Project("{9A19103F-16F7-4668-BE54-9A1E7A4F7556}") = "DataAccessObjects", "DataAccessObjects\DataAccessObjects.csproj", "{A5E1A270-78A6-4E86-8B5F-3DAEFE2745A7}"
EndProject
Project("{9A19103F-16F7-4668-BE54-9A1E7A4F7556}") = "Repositorys", "Repositorys\Repositorys.csproj", "{127B27B2-24D0-4238-9B9B-C6F69C67A11F}"
EndProject
Project("{9A19103F-16F7-4668-BE54-9A1E7A4F7556}") = "Group_Project_FamilyTree", "Group_Project_FamilyTree\Group_Project_FamilyTree.csproj", "{BEAFB9E5-04C3-4F30-AC66-A94FC74007E0}"
EndProject
Global
	GlobalSection(SolutionConfigurationPlatforms) = preSolution
		Debug|Any CPU = Debug|Any CPU
		Release|Any CPU = Release|Any CPU
	EndGlobalSection
	GlobalSection(ProjectConfigurationPlatforms) = postSolution
		{C4ABECA8-B9C1-48A8-88B7-61634C0C96D1}.Debug|Any CPU.ActiveCfg = Debug|Any CPU
		{C4ABECA8-B9C1-48A8-88B7-61634C0C96D1}.Debug|Any CPU.Build.0 = Debug|Any CPU
		{C4ABECA8-B9C1-48A8-88B7-61634C0C96D1}.Release|Any CPU.ActiveCfg = Release|Any CPU
		{C4ABECA8-B9C1-48A8-88B7-61634C0C96D1}.Release|Any CPU.Build.0 = Release|Any CPU
		{A5E1A270-78A6-4E86-8B5F-3DAEFE2745A7}.Debug|Any CPU.ActiveCfg = Debug|Any CPU
		{A5E1A270-78A6-4E86-8B5F-3DAEFE2745A7}.Debug|Any CPU.Build.0 = Debug|Any CPU
		{A5E1A270-78A6-4E86-8B5F-3DAEFE2745A7}.Release|Any CPU.ActiveCfg = Release|Any CPU
		{A5E1A270-78A6-4E86-8B5F-3DAEFE2745A7}.Release|Any CPU.Build.0 = Release|Any CPU
		{127B27B2-24D0-4238-9B9B-C6F69C67A11F}.Debug|Any CPU.ActiveCfg = Debug|Any CPU
		{127B27B2-24D0-4238-9B9B-C6F69C67A11F}.Debug|Any CPU.Build.0 = Debug|Any CPU
		{127B27B2-24D0-4238-9B9B-C6F69C67A11F}.Release|Any CPU.ActiveCfg = Release|Any CPU
		{127B27B2-24D0-4238-9B9B-C6F69C67A11F}.Release|Any CPU.Build.0 = Release|Any CPU
		{BEAFB9E5-04C3-4F30-AC66-A94FC74007E0}.Debug|Any CPU.ActiveCfg = Debug|Any CPU
		{BEAFB9E5-04C3-4F30-AC66-A94FC74007E0}.Debug|Any CPU.Build.0 = Debug|Any CPU
		{BEAFB9E5-04C3-4F30-AC66-A94FC74007E0}.Release|Any CPU.ActiveCfg = Release|Any CPU
		{BEAFB9E5-04C3-4F30-AC66-A94FC74007E0}.Release|Any CPU.Build.0 = Release|Any CPU
	EndGlobalSection
	GlobalSection(SolutionProperties) = preSolution
		HideSolutionNode = FALSE
	EndGlobalSection
	GlobalSection(ExtensibilityGlobals) = postSolution
		SolutionGuid = {13C52792-4D92-4F87-A1C6-66A1EF77DB66}
	EndGlobalSection
EndGlobal
